// !$*UTF8*$!
{
	archiveVersion = 1;
	classes = {
	};
	objectVersion = 50;
	objects = {

/* Begin PBXBuildFile section */
		AB4716C9254D889E0086102C /* PickerViewTest.storyboard in Resources */ = {isa = PBXBuildFile; fileRef = AB4716C8254D889E0086102C /* PickerViewTest.storyboard */; };
		AB4716CC254D88BD0086102C /* PickerViewTestVC.swift in Sources */ = {isa = PBXBuildFile; fileRef = AB4716CB254D88BD0086102C /* PickerViewTestVC.swift */; };
		AB4716CF254D8AE00086102C /* Part.swift in Sources */ = {isa = PBXBuildFile; fileRef = AB4716CE254D8AE00086102C /* Part.swift */; };
		ABCC613D254C571E00062AA3 /* AppDelegate.swift in Sources */ = {isa = PBXBuildFile; fileRef = ABCC613C254C571E00062AA3 /* AppDelegate.swift */; };
		ABCC613F254C571E00062AA3 /* SceneDelegate.swift in Sources */ = {isa = PBXBuildFile; fileRef = ABCC613E254C571E00062AA3 /* SceneDelegate.swift */; };
		ABCC6141254C571E00062AA3 /* ViewController.swift in Sources */ = {isa = PBXBuildFile; fileRef = ABCC6140254C571E00062AA3 /* ViewController.swift */; };
		ABCC6144254C571E00062AA3 /* Main.storyboard in Resources */ = {isa = PBXBuildFile; fileRef = ABCC6142254C571E00062AA3 /* Main.storyboard */; };
		ABCC6146254C571F00062AA3 /* Assets.xcassets in Resources */ = {isa = PBXBuildFile; fileRef = ABCC6145254C571F00062AA3 /* Assets.xcassets */; };
		ABCC6149254C571F00062AA3 /* LaunchScreen.storyboard in Resources */ = {isa = PBXBuildFile; fileRef = ABCC6147254C571F00062AA3 /* LaunchScreen.storyboard */; };
		ABCC6156254C7D3E00062AA3 /* SecondVC.swift in Sources */ = {isa = PBXBuildFile; fileRef = ABCC6155254C7D3E00062AA3 /* SecondVC.swift */; };
		ABD79DA1254EEBEB0082FBB8 /* TableViewTest.storyboard in Resources */ = {isa = PBXBuildFile; fileRef = ABD79DA0254EEBEB0082FBB8 /* TableViewTest.storyboard */; };
		ABD79DA4254EEC0F0082FBB8 /* TableViewTestVC.swift in Sources */ = {isa = PBXBuildFile; fileRef = ABD79DA3254EEC0F0082FBB8 /* TableViewTestVC.swift */; };
		ABD79DAB254EF30B0082FBB8 /* MusicRankCell.swift in Sources */ = {isa = PBXBuildFile; fileRef = ABD79DAA254EF30B0082FBB8 /* MusicRankCell.swift */; };
		ABD79DAF254EF5DB0082FBB8 /* Music.swift in Sources */ = {isa = PBXBuildFile; fileRef = ABD79DAE254EF5DB0082FBB8 /* Music.swift */; };
		ABD79DB2254EFF6D0082FBB8 /* MusicInfo.storyboard in Resources */ = {isa = PBXBuildFile; fileRef = ABD79DB1254EFF6D0082FBB8 /* MusicInfo.storyboard */; };
		ABD79DB9254F01810082FBB8 /* MusicInfoVC.swift in Sources */ = {isa = PBXBuildFile; fileRef = ABD79DB8254F01810082FBB8 /* MusicInfoVC.swift */; };
		ABD79DBC254F0F550082FBB8 /* CollectionViewTest.storyboard in Resources */ = {isa = PBXBuildFile; fileRef = ABD79DBB254F0F550082FBB8 /* CollectionViewTest.storyboard */; };
		ABD79DBF254F13FD0082FBB8 /* CollectionViewTestVC.swift in Sources */ = {isa = PBXBuildFile; fileRef = ABD79DBE254F13FD0082FBB8 /* CollectionViewTestVC.swift */; };
		ABD79DCA254F216A0082FBB8 /* PartBannerCell.swift in Sources */ = {isa = PBXBuildFile; fileRef = ABD79DC9254F216A0082FBB8 /* PartBannerCell.swift */; };
/* End PBXBuildFile section */

/* Begin PBXFileReference section */
		AB4716C8254D889E0086102C /* PickerViewTest.storyboard */ = {isa = PBXFileReference; lastKnownFileType = file.storyboard; path = PickerViewTest.storyboard; sourceTree = "<group>"; };
		AB4716CB254D88BD0086102C /* PickerViewTestVC.swift */ = {isa = PBXFileReference; lastKnownFileType = sourcecode.swift; path = PickerViewTestVC.swift; sourceTree = "<group>"; };
		AB4716CE254D8AE00086102C /* Part.swift */ = {isa = PBXFileReference; lastKnownFileType = sourcecode.swift; path = Part.swift; sourceTree = "<group>"; };
		ABCC6139254C571E00062AA3 /* 27th_iOS_seminar_week03_test.app */ = {isa = PBXFileReference; explicitFileType = wrapper.application; includeInIndex = 0; path = 27th_iOS_seminar_week03_test.app; sourceTree = BUILT_PRODUCTS_DIR; };
		ABCC613C254C571E00062AA3 /* AppDelegate.swift */ = {isa = PBXFileReference; lastKnownFileType = sourcecode.swift; path = AppDelegate.swift; sourceTree = "<group>"; };
		ABCC613E254C571E00062AA3 /* SceneDelegate.swift */ = {isa = PBXFileReference; lastKnownFileType = sourcecode.swift; path = SceneDelegate.swift; sourceTree = "<group>"; };
		ABCC6140254C571E00062AA3 /* ViewController.swift */ = {isa = PBXFileReference; lastKnownFileType = sourcecode.swift; path = ViewController.swift; sourceTree = "<group>"; };
		ABCC6143254C571E00062AA3 /* Base */ = {isa = PBXFileReference; lastKnownFileType = file.storyboard; name = Base; path = Base.lproj/Main.storyboard; sourceTree = "<group>"; };
		ABCC6145254C571F00062AA3 /* Assets.xcassets */ = {isa = PBXFileReference; lastKnownFileType = folder.assetcatalog; path = Assets.xcassets; sourceTree = "<group>"; };
		ABCC6148254C571F00062AA3 /* Base */ = {isa = PBXFileReference; lastKnownFileType = file.storyboard; name = Base; path = Base.lproj/LaunchScreen.storyboard; sourceTree = "<group>"; };
		ABCC614A254C571F00062AA3 /* Info.plist */ = {isa = PBXFileReference; lastKnownFileType = text.plist.xml; path = Info.plist; sourceTree = "<group>"; };
		ABCC6155254C7D3E00062AA3 /* SecondVC.swift */ = {isa = PBXFileReference; lastKnownFileType = sourcecode.swift; path = SecondVC.swift; sourceTree = "<group>"; };
		ABD79DA0254EEBEB0082FBB8 /* TableViewTest.storyboard */ = {isa = PBXFileReference; lastKnownFileType = file.storyboard; path = TableViewTest.storyboard; sourceTree = "<group>"; };
		ABD79DA3254EEC0F0082FBB8 /* TableViewTestVC.swift */ = {isa = PBXFileReference; lastKnownFileType = sourcecode.swift; path = TableViewTestVC.swift; sourceTree = "<group>"; };
		ABD79DAA254EF30B0082FBB8 /* MusicRankCell.swift */ = {isa = PBXFileReference; lastKnownFileType = sourcecode.swift; path = MusicRankCell.swift; sourceTree = "<group>"; };
		ABD79DAE254EF5DB0082FBB8 /* Music.swift */ = {isa = PBXFileReference; lastKnownFileType = sourcecode.swift; path = Music.swift; sourceTree = "<group>"; };
		ABD79DB1254EFF6D0082FBB8 /* MusicInfo.storyboard */ = {isa = PBXFileReference; lastKnownFileType = file.storyboard; path = MusicInfo.storyboard; sourceTree = "<group>"; };
		ABD79DB8254F01810082FBB8 /* MusicInfoVC.swift */ = {isa = PBXFileReference; lastKnownFileType = sourcecode.swift; path = MusicInfoVC.swift; sourceTree = "<group>"; };
		ABD79DBB254F0F550082FBB8 /* CollectionViewTest.storyboard */ = {isa = PBXFileReference; lastKnownFileType = file.storyboard; path = CollectionViewTest.storyboard; sourceTree = "<group>"; };
		ABD79DBE254F13FD0082FBB8 /* CollectionViewTestVC.swift */ = {isa = PBXFileReference; lastKnownFileType = sourcecode.swift; path = CollectionViewTestVC.swift; sourceTree = "<group>"; };
		ABD79DC9254F216A0082FBB8 /* PartBannerCell.swift */ = {isa = PBXFileReference; lastKnownFileType = sourcecode.swift; path = PartBannerCell.swift; sourceTree = "<group>"; };
/* End PBXFileReference section */

/* Begin PBXFrameworksBuildPhase section */
		ABCC6136254C571E00062AA3 /* Frameworks */ = {
			isa = PBXFrameworksBuildPhase;
			buildActionMask = 2147483647;
			files = (
			);
			runOnlyForDeploymentPostprocessing = 0;
		};
/* End PBXFrameworksBuildPhase section */

/* Begin PBXGroup section */
		ABCC6130254C571E00062AA3 = {
			isa = PBXGroup;
			children = (
				ABCC613B254C571E00062AA3 /* 27th_iOS_seminar_week03_test */,
				ABCC613A254C571E00062AA3 /* Products */,
			);
			sourceTree = "<group>";
		};
		ABCC613A254C571E00062AA3 /* Products */ = {
			isa = PBXGroup;
			children = (
				ABCC6139254C571E00062AA3 /* 27th_iOS_seminar_week03_test.app */,
			);
			name = Products;
			sourceTree = "<group>";
		};
		ABCC613B254C571E00062AA3 /* 27th_iOS_seminar_week03_test */ = {
			isa = PBXGroup;
			children = (
				ABCC613C254C571E00062AA3 /* AppDelegate.swift */,
				ABCC613E254C571E00062AA3 /* SceneDelegate.swift */,
				ABCC6140254C571E00062AA3 /* ViewController.swift */,
				AB4716C8254D889E0086102C /* PickerViewTest.storyboard */,
				ABD79DA0254EEBEB0082FBB8 /* TableViewTest.storyboard */,
				ABD79DB1254EFF6D0082FBB8 /* MusicInfo.storyboard */,
				ABD79DAA254EF30B0082FBB8 /* MusicRankCell.swift */,
				ABD79DAE254EF5DB0082FBB8 /* Music.swift */,
				ABD79DA3254EEC0F0082FBB8 /* TableViewTestVC.swift */,
				AB4716CB254D88BD0086102C /* PickerViewTestVC.swift */,
				ABD79DB8254F01810082FBB8 /* MusicInfoVC.swift */,
				ABD79DBB254F0F550082FBB8 /* CollectionViewTest.storyboard */,
				ABD79DC9254F216A0082FBB8 /* PartBannerCell.swift */,
				ABD79DBE254F13FD0082FBB8 /* CollectionViewTestVC.swift */,
				ABCC6142254C571E00062AA3 /* Main.storyboard */,
				ABCC6155254C7D3E00062AA3 /* SecondVC.swift */,
				ABCC6145254C571F00062AA3 /* Assets.xcassets */,
				ABCC6147254C571F00062AA3 /* LaunchScreen.storyboard */,
				ABCC614A254C571F00062AA3 /* Info.plist */,
				AB4716CE254D8AE00086102C /* Part.swift */,
			);
			path = 27th_iOS_seminar_week03_test;
			sourceTree = "<group>";
		};
/* End PBXGroup section */

/* Begin PBXNativeTarget section */
		ABCC6138254C571E00062AA3 /* 27th_iOS_seminar_week03_test */ = {
			isa = PBXNativeTarget;
			buildConfigurationList = ABCC614D254C571F00062AA3 /* Build configuration list for PBXNativeTarget "27th_iOS_seminar_week03_test" */;
			buildPhases = (
				ABCC6135254C571E00062AA3 /* Sources */,
				ABCC6136254C571E00062AA3 /* Frameworks */,
				ABCC6137254C571E00062AA3 /* Resources */,
			);
			buildRules = (
			);
			dependencies = (
			);
			name = 27th_iOS_seminar_week03_test;
			productName = 27th_iOS_seminar_week03_test;
			productReference = ABCC6139254C571E00062AA3 /* 27th_iOS_seminar_week03_test.app */;
			productType = "com.apple.product-type.application";
		};
/* End PBXNativeTarget section */

/* Begin PBXProject section */
		ABCC6131254C571E00062AA3 /* Project object */ = {
			isa = PBXProject;
			attributes = {
				LastSwiftUpdateCheck = 1210;
				LastUpgradeCheck = 1210;
				TargetAttributes = {
					ABCC6138254C571E00062AA3 = {
						CreatedOnToolsVersion = 12.1;
					};
				};
			};
			buildConfigurationList = ABCC6134254C571E00062AA3 /* Build configuration list for PBXProject "27th_iOS_seminar_week03_test" */;
			compatibilityVersion = "Xcode 9.3";
			developmentRegion = en;
			hasScannedForEncodings = 0;
			knownRegions = (
				en,
				Base,
			);
			mainGroup = ABCC6130254C571E00062AA3;
			productRefGroup = ABCC613A254C571E00062AA3 /* Products */;
			projectDirPath = "";
			projectRoot = "";
			targets = (
				ABCC6138254C571E00062AA3 /* 27th_iOS_seminar_week03_test */,
			);
		};
/* End PBXProject section */

/* Begin PBXResourcesBuildPhase section */
		ABCC6137254C571E00062AA3 /* Resources */ = {
			isa = PBXResourcesBuildPhase;
			buildActionMask = 2147483647;
			files = (
				ABD79DB2254EFF6D0082FBB8 /* MusicInfo.storyboard in Resources */,
				ABD79DA1254EEBEB0082FBB8 /* TableViewTest.storyboard in Resources */,
				ABD79DBC254F0F550082FBB8 /* CollectionViewTest.storyboard in Resources */,
				ABCC6149254C571F00062AA3 /* LaunchScreen.storyboard in Resources */,
				AB4716C9254D889E0086102C /* PickerViewTest.storyboard in Resources */,
				ABCC6146254C571F00062AA3 /* Assets.xcassets in Resources */,
				ABCC6144254C571E00062AA3 /* Main.storyboard in Resources */,
			);
			runOnlyForDeploymentPostprocessing = 0;
		};
/* End PBXResourcesBuildPhase section */

/* Begin PBXSourcesBuildPhase section */
		ABCC6135254C571E00062AA3 /* Sources */ = {
			isa = PBXSourcesBuildPhase;
			buildActionMask = 2147483647;
			files = (
				ABCC6141254C571E00062AA3 /* ViewController.swift in Sources */,
				ABCC613D254C571E00062AA3 /* AppDelegate.swift in Sources */,
				ABCC6156254C7D3E00062AA3 /* SecondVC.swift in Sources */,
				AB4716CC254D88BD0086102C /* PickerViewTestVC.swift in Sources */,
				ABD79DCA254F216A0082FBB8 /* PartBannerCell.swift in Sources */,
				ABD79DB9254F01810082FBB8 /* MusicInfoVC.swift in Sources */,
				ABD79DA4254EEC0F0082FBB8 /* TableViewTestVC.swift in Sources */,
				ABD79DAF254EF5DB0082FBB8 /* Music.swift in Sources */,
				AB4716CF254D8AE00086102C /* Part.swift in Sources */,
				ABD79DBF254F13FD0082FBB8 /* CollectionViewTestVC.swift in Sources */,
				ABD79DAB254EF30B0082FBB8 /* MusicRankCell.swift in Sources */,
				ABCC613F254C571E00062AA3 /* SceneDelegate.swift in Sources */,
			);
			runOnlyForDeploymentPostprocessing = 0;
		};
/* End PBXSourcesBuildPhase section */

/* Begin PBXVariantGroup section */
		ABCC6142254C571E00062AA3 /* Main.storyboard */ = {
			isa = PBXVariantGroup;
			children = (
				ABCC6143254C571E00062AA3 /* Base */,
			);
			name = Main.storyboard;
			sourceTree = "<group>";
		};
		ABCC6147254C571F00062AA3 /* LaunchScreen.storyboard */ = {
			isa = PBXVariantGroup;
			children = (
				ABCC6148254C571F00062AA3 /* Base */,
			);
			name = LaunchScreen.storyboard;
			sourceTree = "<group>";
		};
/* End PBXVariantGroup section */

/* Begin XCBuildConfiguration section */
		ABCC614B254C571F00062AA3 /* Debug */ = {
			isa = XCBuildConfiguration;
			buildSettings = {
				ALWAYS_SEARCH_USER_PATHS = NO;
				CLANG_ANALYZER_NONNULL = YES;
				CLANG_ANALYZER_NUMBER_OBJECT_CONVERSION = YES_AGGRESSIVE;
				CLANG_CXX_LANGUAGE_STANDARD = "gnu++14";
				CLANG_CXX_LIBRARY = "libc++";
				CLANG_ENABLE_MODULES = YES;
				CLANG_ENABLE_OBJC_ARC = YES;
				CLANG_ENABLE_OBJC_WEAK = YES;
				CLANG_WARN_BLOCK_CAPTURE_AUTORELEASING = YES;
				CLANG_WARN_BOOL_CONVERSION = YES;
				CLANG_WARN_COMMA = YES;
				CLANG_WARN_CONSTANT_CONVERSION = YES;
				CLANG_WARN_DEPRECATED_OBJC_IMPLEMENTATIONS = YES;
				CLANG_WARN_DIRECT_OBJC_ISA_USAGE = YES_ERROR;
				CLANG_WARN_DOCUMENTATION_COMMENTS = YES;
				CLANG_WARN_EMPTY_BODY = YES;
				CLANG_WARN_ENUM_CONVERSION = YES;
				CLANG_WARN_INFINITE_RECURSION = YES;
				CLANG_WARN_INT_CONVERSION = YES;
				CLANG_WARN_NON_LITERAL_NULL_CONVERSION = YES;
				CLANG_WARN_OBJC_IMPLICIT_RETAIN_SELF = YES;
				CLANG_WARN_OBJC_LITERAL_CONVERSION = YES;
				CLANG_WARN_OBJC_ROOT_CLASS = YES_ERROR;
				CLANG_WARN_QUOTED_INCLUDE_IN_FRAMEWORK_HEADER = YES;
				CLANG_WARN_RANGE_LOOP_ANALYSIS = YES;
				CLANG_WARN_STRICT_PROTOTYPES = YES;
				CLANG_WARN_SUSPICIOUS_MOVE = YES;
				CLANG_WARN_UNGUARDED_AVAILABILITY = YES_AGGRESSIVE;
				CLANG_WARN_UNREACHABLE_CODE = YES;
				CLANG_WARN__DUPLICATE_METHOD_MATCH = YES;
				COPY_PHASE_STRIP = NO;
				DEBUG_INFORMATION_FORMAT = dwarf;
				ENABLE_STRICT_OBJC_MSGSEND = YES;
				ENABLE_TESTABILITY = YES;
				GCC_C_LANGUAGE_STANDARD = gnu11;
				GCC_DYNAMIC_NO_PIC = NO;
				GCC_NO_COMMON_BLOCKS = YES;
				GCC_OPTIMIZATION_LEVEL = 0;
				GCC_PREPROCESSOR_DEFINITIONS = (
					"DEBUG=1",
					"$(inherited)",
				);
				GCC_WARN_64_TO_32_BIT_CONVERSION = YES;
				GCC_WARN_ABOUT_RETURN_TYPE = YES_ERROR;
				GCC_WARN_UNDECLARED_SELECTOR = YES;
				GCC_WARN_UNINITIALIZED_AUTOS = YES_AGGRESSIVE;
				GCC_WARN_UNUSED_FUNCTION = YES;
				GCC_WARN_UNUSED_VARIABLE = YES;
				IPHONEOS_DEPLOYMENT_TARGET = 14.1;
				MTL_ENABLE_DEBUG_INFO = INCLUDE_SOURCE;
				MTL_FAST_MATH = YES;
				ONLY_ACTIVE_ARCH = YES;
				SDKROOT = iphoneos;
				SWIFT_ACTIVE_COMPILATION_CONDITIONS = DEBUG;
				SWIFT_OPTIMIZATION_LEVEL = "-Onone";
			};
			name = Debug;
		};
		ABCC614C254C571F00062AA3 /* Release */ = {
			isa = XCBuildConfiguration;
			buildSettings = {
				ALWAYS_SEARCH_USER_PATHS = NO;
				CLANG_ANALYZER_NONNULL = YES;
				CLANG_ANALYZER_NUMBER_OBJECT_CONVERSION = YES_AGGRESSIVE;
				CLANG_CXX_LANGUAGE_STANDARD = "gnu++14";
				CLANG_CXX_LIBRARY = "libc++";
				CLANG_ENABLE_MODULES = YES;
				CLANG_ENABLE_OBJC_ARC = YES;
				CLANG_ENABLE_OBJC_WEAK = YES;
				CLANG_WARN_BLOCK_CAPTURE_AUTORELEASING = YES;
				CLANG_WARN_BOOL_CONVERSION = YES;
				CLANG_WARN_COMMA = YES;
				CLANG_WARN_CONSTANT_CONVERSION = YES;
				CLANG_WARN_DEPRECATED_OBJC_IMPLEMENTATIONS = YES;
				CLANG_WARN_DIRECT_OBJC_ISA_USAGE = YES_ERROR;
				CLANG_WARN_DOCUMENTATION_COMMENTS = YES;
				CLANG_WARN_EMPTY_BODY = YES;
				CLANG_WARN_ENUM_CONVERSION = YES;
				CLANG_WARN_INFINITE_RECURSION = YES;
				CLANG_WARN_INT_CONVERSION = YES;
				CLANG_WARN_NON_LITERAL_NULL_CONVERSION = YES;
				CLANG_WARN_OBJC_IMPLICIT_RETAIN_SELF = YES;
				CLANG_WARN_OBJC_LITERAL_CONVERSION = YES;
				CLANG_WARN_OBJC_ROOT_CLASS = YES_ERROR;
				CLANG_WARN_QUOTED_INCLUDE_IN_FRAMEWORK_HEADER = YES;
				CLANG_WARN_RANGE_LOOP_ANALYSIS = YES;
				CLANG_WARN_STRICT_PROTOTYPES = YES;
				CLANG_WARN_SUSPICIOUS_MOVE = YES;
				CLANG_WARN_UNGUARDED_AVAILABILITY = YES_AGGRESSIVE;
				CLANG_WARN_UNREACHABLE_CODE = YES;
				CLANG_WARN__DUPLICATE_METHOD_MATCH = YES;
				COPY_PHASE_STRIP = NO;
				DEBUG_INFORMATION_FORMAT = "dwarf-with-dsym";
				ENABLE_NS_ASSERTIONS = NO;
				ENABLE_STRICT_OBJC_MSGSEND = YES;
				GCC_C_LANGUAGE_STANDARD = gnu11;
				GCC_NO_COMMON_BLOCKS = YES;
				GCC_WARN_64_TO_32_BIT_CONVERSION = YES;
				GCC_WARN_ABOUT_RETURN_TYPE = YES_ERROR;
				GCC_WARN_UNDECLARED_SELECTOR = YES;
				GCC_WARN_UNINITIALIZED_AUTOS = YES_AGGRESSIVE;
				GCC_WARN_UNUSED_FUNCTION = YES;
				GCC_WARN_UNUSED_VARIABLE = YES;
				IPHONEOS_DEPLOYMENT_TARGET = 14.1;
				MTL_ENABLE_DEBUG_INFO = NO;
				MTL_FAST_MATH = YES;
				SDKROOT = iphoneos;
				SWIFT_COMPILATION_MODE = wholemodule;
				SWIFT_OPTIMIZATION_LEVEL = "-O";
				VALIDATE_PRODUCT = YES;
			};
			name = Release;
		};
		ABCC614E254C571F00062AA3 /* Debug */ = {
			isa = XCBuildConfiguration;
			buildSettings = {
				ASSETCATALOG_COMPILER_APPICON_NAME = AppIcon;
				ASSETCATALOG_COMPILER_GLOBAL_ACCENT_COLOR_NAME = AccentColor;
				CODE_SIGN_STYLE = Automatic;
				INFOPLIST_FILE = 27th_iOS_seminar_week03_test/Info.plist;
				LD_RUNPATH_SEARCH_PATHS = (
					"$(inherited)",
					"@executable_path/Frameworks",
				);
				PRODUCT_BUNDLE_IDENTIFIER = "inaelee.-7th-iOS-seminar-week03-test";
				PRODUCT_NAME = "$(TARGET_NAME)";
				SWIFT_VERSION = 5.0;
				TARGETED_DEVICE_FAMILY = "1,2";
			};
			name = Debug;
		};
		ABCC614F254C571F00062AA3 /* Release */ = {
			isa = XCBuildConfiguration;
			buildSettings = {
				ASSETCATALOG_COMPILER_APPICON_NAME = AppIcon;
				ASSETCATALOG_COMPILER_GLOBAL_ACCENT_COLOR_NAME = AccentColor;
				CODE_SIGN_STYLE = Automatic;
				INFOPLIST_FILE = 27th_iOS_seminar_week03_test/Info.plist;
				LD_RUNPATH_SEARCH_PATHS = (
					"$(inherited)",
					"@executable_path/Frameworks",
				);
				PRODUCT_BUNDLE_IDENTIFIER = "inaelee.-7th-iOS-seminar-week03-test";
				PRODUCT_NAME = "$(TARGET_NAME)";
				SWIFT_VERSION = 5.0;
				TARGETED_DEVICE_FAMILY = "1,2";
			};
			name = Release;
		};
/* End XCBuildConfiguration section */

/* Begin XCConfigurationList section */
		ABCC6134254C571E00062AA3 /* Build configuration list for PBXProject "27th_iOS_seminar_week03_test" */ = {
			isa = XCConfigurationList;
			buildConfigurations = (
				ABCC614B254C571F00062AA3 /* Debug */,
				ABCC614C254C571F00062AA3 /* Release */,
			);
			defaultConfigurationIsVisible = 0;
			defaultConfigurationName = Release;
		};
		ABCC614D254C571F00062AA3 /* Build configuration list for PBXNativeTarget "27th_iOS_seminar_week03_test" */ = {
			isa = XCConfigurationList;
			buildConfigurations = (
				ABCC614E254C571F00062AA3 /* Debug */,
				ABCC614F254C571F00062AA3 /* Release */,
			);
			defaultConfigurationIsVisible = 0;
			defaultConfigurationName = Release;
		};
/* End XCConfigurationList section */
	};
	rootObject = ABCC6131254C571E00062AA3 /* Project object */;
}
