// !$*UTF8*$!
{
	archiveVersion = 1;
	classes = {
	};
	objectVersion = 50;
	objects = {

/* Begin PBXBuildFile section */
		ABAD7ECC255D2B890028C3D4 /* AppDelegate.swift in Sources */ = {isa = PBXBuildFile; fileRef = ABAD7ECB255D2B890028C3D4 /* AppDelegate.swift */; };
		ABAD7ECE255D2B890028C3D4 /* SceneDelegate.swift in Sources */ = {isa = PBXBuildFile; fileRef = ABAD7ECD255D2B890028C3D4 /* SceneDelegate.swift */; };
		ABAD7ED0255D2B890028C3D4 /* ViewController.swift in Sources */ = {isa = PBXBuildFile; fileRef = ABAD7ECF255D2B890028C3D4 /* ViewController.swift */; };
		ABAD7ED3255D2B890028C3D4 /* Main.storyboard in Resources */ = {isa = PBXBuildFile; fileRef = ABAD7ED1255D2B890028C3D4 /* Main.storyboard */; };
		ABAD7ED5255D2B8B0028C3D4 /* Assets.xcassets in Resources */ = {isa = PBXBuildFile; fileRef = ABAD7ED4255D2B8B0028C3D4 /* Assets.xcassets */; };
		ABAD7ED8255D2B8B0028C3D4 /* LaunchScreen.storyboard in Resources */ = {isa = PBXBuildFile; fileRef = ABAD7ED6255D2B8B0028C3D4 /* LaunchScreen.storyboard */; };
		ABAD7EE2255D2EEA0028C3D4 /* CollectionViewTestVC.swift in Sources */ = {isa = PBXBuildFile; fileRef = ABAD7EE1255D2EEA0028C3D4 /* CollectionViewTestVC.swift */; };
		ABAD7EE6255D44AF0028C3D4 /* CollectionViewHorizonVC.swift in Sources */ = {isa = PBXBuildFile; fileRef = ABAD7EE5255D44AF0028C3D4 /* CollectionViewHorizonVC.swift */; };
/* End PBXBuildFile section */

/* Begin PBXFileReference section */
		ABAD7EC8255D2B890028C3D4 /* 27th_iOS_seminar_collectionView.app */ = {isa = PBXFileReference; explicitFileType = wrapper.application; includeInIndex = 0; path = 27th_iOS_seminar_collectionView.app; sourceTree = BUILT_PRODUCTS_DIR; };
		ABAD7ECB255D2B890028C3D4 /* AppDelegate.swift */ = {isa = PBXFileReference; lastKnownFileType = sourcecode.swift; path = AppDelegate.swift; sourceTree = "<group>"; };
		ABAD7ECD255D2B890028C3D4 /* SceneDelegate.swift */ = {isa = PBXFileReference; lastKnownFileType = sourcecode.swift; path = SceneDelegate.swift; sourceTree = "<group>"; };
		ABAD7ECF255D2B890028C3D4 /* ViewController.swift */ = {isa = PBXFileReference; lastKnownFileType = sourcecode.swift; path = ViewController.swift; sourceTree = "<group>"; };
		ABAD7ED2255D2B890028C3D4 /* Base */ = {isa = PBXFileReference; lastKnownFileType = file.storyboard; name = Base; path = Base.lproj/Main.storyboard; sourceTree = "<group>"; };
		ABAD7ED4255D2B8B0028C3D4 /* Assets.xcassets */ = {isa = PBXFileReference; lastKnownFileType = folder.assetcatalog; path = Assets.xcassets; sourceTree = "<group>"; };
		ABAD7ED7255D2B8B0028C3D4 /* Base */ = {isa = PBXFileReference; lastKnownFileType = file.storyboard; name = Base; path = Base.lproj/LaunchScreen.storyboard; sourceTree = "<group>"; };
		ABAD7ED9255D2B8B0028C3D4 /* Info.plist */ = {isa = PBXFileReference; lastKnownFileType = text.plist.xml; path = Info.plist; sourceTree = "<group>"; };
		ABAD7EE1255D2EEA0028C3D4 /* CollectionViewTestVC.swift */ = {isa = PBXFileReference; lastKnownFileType = sourcecode.swift; path = CollectionViewTestVC.swift; sourceTree = "<group>"; };
		ABAD7EE5255D44AF0028C3D4 /* CollectionViewHorizonVC.swift */ = {isa = PBXFileReference; lastKnownFileType = sourcecode.swift; path = CollectionViewHorizonVC.swift; sourceTree = "<group>"; };
/* End PBXFileReference section */

/* Begin PBXFrameworksBuildPhase section */
		ABAD7EC5255D2B890028C3D4 /* Frameworks */ = {
			isa = PBXFrameworksBuildPhase;
			buildActionMask = 2147483647;
			files = (
			);
			runOnlyForDeploymentPostprocessing = 0;
		};
/* End PBXFrameworksBuildPhase section */

/* Begin PBXGroup section */
		ABAD7EBF255D2B890028C3D4 = {
			isa = PBXGroup;
			children = (
				ABAD7ECA255D2B890028C3D4 /* 27th_iOS_seminar_collectionView */,
				ABAD7EC9255D2B890028C3D4 /* Products */,
			);
			sourceTree = "<group>";
		};
		ABAD7EC9255D2B890028C3D4 /* Products */ = {
			isa = PBXGroup;
			children = (
				ABAD7EC8255D2B890028C3D4 /* 27th_iOS_seminar_collectionView.app */,
			);
			name = Products;
			sourceTree = "<group>";
		};
		ABAD7ECA255D2B890028C3D4 /* 27th_iOS_seminar_collectionView */ = {
			isa = PBXGroup;
			children = (
				ABAD7ECB255D2B890028C3D4 /* AppDelegate.swift */,
				ABAD7ECD255D2B890028C3D4 /* SceneDelegate.swift */,
				ABAD7ECF255D2B890028C3D4 /* ViewController.swift */,
				ABAD7ED1255D2B890028C3D4 /* Main.storyboard */,
				ABAD7EE5255D44AF0028C3D4 /* CollectionViewHorizonVC.swift */,
				ABAD7EE1255D2EEA0028C3D4 /* CollectionViewTestVC.swift */,
				ABAD7ED4255D2B8B0028C3D4 /* Assets.xcassets */,
				ABAD7ED6255D2B8B0028C3D4 /* LaunchScreen.storyboard */,
				ABAD7ED9255D2B8B0028C3D4 /* Info.plist */,
			);
			path = 27th_iOS_seminar_collectionView;
			sourceTree = "<group>";
		};
/* End PBXGroup section */

/* Begin PBXNativeTarget section */
		ABAD7EC7255D2B890028C3D4 /* 27th_iOS_seminar_collectionView */ = {
			isa = PBXNativeTarget;
			buildConfigurationList = ABAD7EDC255D2B8B0028C3D4 /* Build configuration list for PBXNativeTarget "27th_iOS_seminar_collectionView" */;
			buildPhases = (
				ABAD7EC4255D2B890028C3D4 /* Sources */,
				ABAD7EC5255D2B890028C3D4 /* Frameworks */,
				ABAD7EC6255D2B890028C3D4 /* Resources */,
			);
			buildRules = (
			);
			dependencies = (
			);
			name = 27th_iOS_seminar_collectionView;
			productName = 27th_iOS_seminar_collectionView;
			productReference = ABAD7EC8255D2B890028C3D4 /* 27th_iOS_seminar_collectionView.app */;
			productType = "com.apple.product-type.application";
		};
/* End PBXNativeTarget section */

/* Begin PBXProject section */
		ABAD7EC0255D2B890028C3D4 /* Project object */ = {
			isa = PBXProject;
			attributes = {
				LastSwiftUpdateCheck = 1210;
				LastUpgradeCheck = 1210;
				TargetAttributes = {
					ABAD7EC7255D2B890028C3D4 = {
						CreatedOnToolsVersion = 12.1;
					};
				};
			};
			buildConfigurationList = ABAD7EC3255D2B890028C3D4 /* Build configuration list for PBXProject "27th_iOS_seminar_collectionView" */;
			compatibilityVersion = "Xcode 9.3";
			developmentRegion = en;
			hasScannedForEncodings = 0;
			knownRegions = (
				en,
				Base,
			);
			mainGroup = ABAD7EBF255D2B890028C3D4;
			productRefGroup = ABAD7EC9255D2B890028C3D4 /* Products */;
			projectDirPath = "";
			projectRoot = "";
			targets = (
				ABAD7EC7255D2B890028C3D4 /* 27th_iOS_seminar_collectionView */,
			);
		};
/* End PBXProject section */

/* Begin PBXResourcesBuildPhase section */
		ABAD7EC6255D2B890028C3D4 /* Resources */ = {
			isa = PBXResourcesBuildPhase;
			buildActionMask = 2147483647;
			files = (
				ABAD7ED8255D2B8B0028C3D4 /* LaunchScreen.storyboard in Resources */,
				ABAD7ED5255D2B8B0028C3D4 /* Assets.xcassets in Resources */,
				ABAD7ED3255D2B890028C3D4 /* Main.storyboard in Resources */,
			);
			runOnlyForDeploymentPostprocessing = 0;
		};
/* End PBXResourcesBuildPhase section */

/* Begin PBXSourcesBuildPhase section */
		ABAD7EC4255D2B890028C3D4 /* Sources */ = {
			isa = PBXSourcesBuildPhase;
			buildActionMask = 2147483647;
			files = (
				ABAD7EE6255D44AF0028C3D4 /* CollectionViewHorizonVC.swift in Sources */,
				ABAD7ED0255D2B890028C3D4 /* ViewController.swift in Sources */,
				ABAD7ECC255D2B890028C3D4 /* AppDelegate.swift in Sources */,
				ABAD7ECE255D2B890028C3D4 /* SceneDelegate.swift in Sources */,
				ABAD7EE2255D2EEA0028C3D4 /* CollectionViewTestVC.swift in Sources */,
			);
			runOnlyForDeploymentPostprocessing = 0;
		};
/* End PBXSourcesBuildPhase section */

/* Begin PBXVariantGroup section */
		ABAD7ED1255D2B890028C3D4 /* Main.storyboard */ = {
			isa = PBXVariantGroup;
			children = (
				ABAD7ED2255D2B890028C3D4 /* Base */,
			);
			name = Main.storyboard;
			sourceTree = "<group>";
		};
		ABAD7ED6255D2B8B0028C3D4 /* LaunchScreen.storyboard */ = {
			isa = PBXVariantGroup;
			children = (
				ABAD7ED7255D2B8B0028C3D4 /* Base */,
			);
			name = LaunchScreen.storyboard;
			sourceTree = "<group>";
		};
/* End PBXVariantGroup section */

/* Begin XCBuildConfiguration section */
		ABAD7EDA255D2B8B0028C3D4 /* Debug */ = {
			isa = XCBuildConfiguration;
			buildSettings = {
				ALWAYS_SEARCH_USER_PATHS = NO;
				CLANG_ANALYZER_NONNULL = YES;
				CLANG_ANALYZER_NUMBER_OBJECT_CONVERSION = YES_AGGRESSIVE;
				CLANG_CXX_LANGUAGE_STANDARD = "gnu++14";
				CLANG_CXX_LIBRARY = "libc++";
				CLANG_ENABLE_MODULES = YES;
				CLANG_ENABLE_OBJC_ARC = YES;
				CLANG_ENABLE_OBJC_WEAK = YES;
				CLANG_WARN_BLOCK_CAPTURE_AUTORELEASING = YES;
				CLANG_WARN_BOOL_CONVERSION = YES;
				CLANG_WARN_COMMA = YES;
				CLANG_WARN_CONSTANT_CONVERSION = YES;
				CLANG_WARN_DEPRECATED_OBJC_IMPLEMENTATIONS = YES;
				CLANG_WARN_DIRECT_OBJC_ISA_USAGE = YES_ERROR;
				CLANG_WARN_DOCUMENTATION_COMMENTS = YES;
				CLANG_WARN_EMPTY_BODY = YES;
				CLANG_WARN_ENUM_CONVERSION = YES;
				CLANG_WARN_INFINITE_RECURSION = YES;
				CLANG_WARN_INT_CONVERSION = YES;
				CLANG_WARN_NON_LITERAL_NULL_CONVERSION = YES;
				CLANG_WARN_OBJC_IMPLICIT_RETAIN_SELF = YES;
				CLANG_WARN_OBJC_LITERAL_CONVERSION = YES;
				CLANG_WARN_OBJC_ROOT_CLASS = YES_ERROR;
				CLANG_WARN_QUOTED_INCLUDE_IN_FRAMEWORK_HEADER = YES;
				CLANG_WARN_RANGE_LOOP_ANALYSIS = YES;
				CLANG_WARN_STRICT_PROTOTYPES = YES;
				CLANG_WARN_SUSPICIOUS_MOVE = YES;
				CLANG_WARN_UNGUARDED_AVAILABILITY = YES_AGGRESSIVE;
				CLANG_WARN_UNREACHABLE_CODE = YES;
				CLANG_WARN__DUPLICATE_METHOD_MATCH = YES;
				COPY_PHASE_STRIP = NO;
				DEBUG_INFORMATION_FORMAT = dwarf;
				ENABLE_STRICT_OBJC_MSGSEND = YES;
				ENABLE_TESTABILITY = YES;
				GCC_C_LANGUAGE_STANDARD = gnu11;
				GCC_DYNAMIC_NO_PIC = NO;
				GCC_NO_COMMON_BLOCKS = YES;
				GCC_OPTIMIZATION_LEVEL = 0;
				GCC_PREPROCESSOR_DEFINITIONS = (
					"DEBUG=1",
					"$(inherited)",
				);
				GCC_WARN_64_TO_32_BIT_CONVERSION = YES;
				GCC_WARN_ABOUT_RETURN_TYPE = YES_ERROR;
				GCC_WARN_UNDECLARED_SELECTOR = YES;
				GCC_WARN_UNINITIALIZED_AUTOS = YES_AGGRESSIVE;
				GCC_WARN_UNUSED_FUNCTION = YES;
				GCC_WARN_UNUSED_VARIABLE = YES;
				IPHONEOS_DEPLOYMENT_TARGET = 14.1;
				MTL_ENABLE_DEBUG_INFO = INCLUDE_SOURCE;
				MTL_FAST_MATH = YES;
				ONLY_ACTIVE_ARCH = YES;
				SDKROOT = iphoneos;
				SWIFT_ACTIVE_COMPILATION_CONDITIONS = DEBUG;
				SWIFT_OPTIMIZATION_LEVEL = "-Onone";
			};
			name = Debug;
		};
		ABAD7EDB255D2B8B0028C3D4 /* Release */ = {
			isa = XCBuildConfiguration;
			buildSettings = {
				ALWAYS_SEARCH_USER_PATHS = NO;
				CLANG_ANALYZER_NONNULL = YES;
				CLANG_ANALYZER_NUMBER_OBJECT_CONVERSION = YES_AGGRESSIVE;
				CLANG_CXX_LANGUAGE_STANDARD = "gnu++14";
				CLANG_CXX_LIBRARY = "libc++";
				CLANG_ENABLE_MODULES = YES;
				CLANG_ENABLE_OBJC_ARC = YES;
				CLANG_ENABLE_OBJC_WEAK = YES;
				CLANG_WARN_BLOCK_CAPTURE_AUTORELEASING = YES;
				CLANG_WARN_BOOL_CONVERSION = YES;
				CLANG_WARN_COMMA = YES;
				CLANG_WARN_CONSTANT_CONVERSION = YES;
				CLANG_WARN_DEPRECATED_OBJC_IMPLEMENTATIONS = YES;
				CLANG_WARN_DIRECT_OBJC_ISA_USAGE = YES_ERROR;
				CLANG_WARN_DOCUMENTATION_COMMENTS = YES;
				CLANG_WARN_EMPTY_BODY = YES;
				CLANG_WARN_ENUM_CONVERSION = YES;
				CLANG_WARN_INFINITE_RECURSION = YES;
				CLANG_WARN_INT_CONVERSION = YES;
				CLANG_WARN_NON_LITERAL_NULL_CONVERSION = YES;
				CLANG_WARN_OBJC_IMPLICIT_RETAIN_SELF = YES;
				CLANG_WARN_OBJC_LITERAL_CONVERSION = YES;
				CLANG_WARN_OBJC_ROOT_CLASS = YES_ERROR;
				CLANG_WARN_QUOTED_INCLUDE_IN_FRAMEWORK_HEADER = YES;
				CLANG_WARN_RANGE_LOOP_ANALYSIS = YES;
				CLANG_WARN_STRICT_PROTOTYPES = YES;
				CLANG_WARN_SUSPICIOUS_MOVE = YES;
				CLANG_WARN_UNGUARDED_AVAILABILITY = YES_AGGRESSIVE;
				CLANG_WARN_UNREACHABLE_CODE = YES;
				CLANG_WARN__DUPLICATE_METHOD_MATCH = YES;
				COPY_PHASE_STRIP = NO;
				DEBUG_INFORMATION_FORMAT = "dwarf-with-dsym";
				ENABLE_NS_ASSERTIONS = NO;
				ENABLE_STRICT_OBJC_MSGSEND = YES;
				GCC_C_LANGUAGE_STANDARD = gnu11;
				GCC_NO_COMMON_BLOCKS = YES;
				GCC_WARN_64_TO_32_BIT_CONVERSION = YES;
				GCC_WARN_ABOUT_RETURN_TYPE = YES_ERROR;
				GCC_WARN_UNDECLARED_SELECTOR = YES;
				GCC_WARN_UNINITIALIZED_AUTOS = YES_AGGRESSIVE;
				GCC_WARN_UNUSED_FUNCTION = YES;
				GCC_WARN_UNUSED_VARIABLE = YES;
				IPHONEOS_DEPLOYMENT_TARGET = 14.1;
				MTL_ENABLE_DEBUG_INFO = NO;
				MTL_FAST_MATH = YES;
				SDKROOT = iphoneos;
				SWIFT_COMPILATION_MODE = wholemodule;
				SWIFT_OPTIMIZATION_LEVEL = "-O";
				VALIDATE_PRODUCT = YES;
			};
			name = Release;
		};
		ABAD7EDD255D2B8B0028C3D4 /* Debug */ = {
			isa = XCBuildConfiguration;
			buildSettings = {
				ASSETCATALOG_COMPILER_APPICON_NAME = AppIcon;
				ASSETCATALOG_COMPILER_GLOBAL_ACCENT_COLOR_NAME = AccentColor;
				CODE_SIGN_STYLE = Automatic;
				INFOPLIST_FILE = 27th_iOS_seminar_collectionView/Info.plist;
				LD_RUNPATH_SEARCH_PATHS = (
					"$(inherited)",
					"@executable_path/Frameworks",
				);
				PRODUCT_BUNDLE_IDENTIFIER = "inaelee.-7th-iOS-seminar-collectionView";
				PRODUCT_NAME = "$(TARGET_NAME)";
				SWIFT_VERSION = 5.0;
				TARGETED_DEVICE_FAMILY = "1,2";
			};
			name = Debug;
		};
		ABAD7EDE255D2B8B0028C3D4 /* Release */ = {
			isa = XCBuildConfiguration;
			buildSettings = {
				ASSETCATALOG_COMPILER_APPICON_NAME = AppIcon;
				ASSETCATALOG_COMPILER_GLOBAL_ACCENT_COLOR_NAME = AccentColor;
				CODE_SIGN_STYLE = Automatic;
				INFOPLIST_FILE = 27th_iOS_seminar_collectionView/Info.plist;
				LD_RUNPATH_SEARCH_PATHS = (
					"$(inherited)",
					"@executable_path/Frameworks",
				);
				PRODUCT_BUNDLE_IDENTIFIER = "inaelee.-7th-iOS-seminar-collectionView";
				PRODUCT_NAME = "$(TARGET_NAME)";
				SWIFT_VERSION = 5.0;
				TARGETED_DEVICE_FAMILY = "1,2";
			};
			name = Release;
		};
/* End XCBuildConfiguration section */

/* Begin XCConfigurationList section */
		ABAD7EC3255D2B890028C3D4 /* Build configuration list for PBXProject "27th_iOS_seminar_collectionView" */ = {
			isa = XCConfigurationList;
			buildConfigurations = (
				ABAD7EDA255D2B8B0028C3D4 /* Debug */,
				ABAD7EDB255D2B8B0028C3D4 /* Release */,
			);
			defaultConfigurationIsVisible = 0;
			defaultConfigurationName = Release;
		};
		ABAD7EDC255D2B8B0028C3D4 /* Build configuration list for PBXNativeTarget "27th_iOS_seminar_collectionView" */ = {
			isa = XCConfigurationList;
			buildConfigurations = (
				ABAD7EDD255D2B8B0028C3D4 /* Debug */,
				ABAD7EDE255D2B8B0028C3D4 /* Release */,
			);
			defaultConfigurationIsVisible = 0;
			defaultConfigurationName = Release;
		};
/* End XCConfigurationList section */
	};
	rootObject = ABAD7EC0255D2B890028C3D4 /* Project object */;
}
