// !$*UTF8*$!
{
	archiveVersion = 1;
	classes = {
	};
	objectVersion = 50;
	objects = {

/* Begin PBXBuildFile section */
		ABBF9C0A255696920063CD07 /* AppDelegate.swift in Sources */ = {isa = PBXBuildFile; fileRef = ABBF9C09255696920063CD07 /* AppDelegate.swift */; };
		ABBF9C0C255696920063CD07 /* SceneDelegate.swift in Sources */ = {isa = PBXBuildFile; fileRef = ABBF9C0B255696920063CD07 /* SceneDelegate.swift */; };
		ABBF9C0E255696920063CD07 /* ViewController.swift in Sources */ = {isa = PBXBuildFile; fileRef = ABBF9C0D255696920063CD07 /* ViewController.swift */; };
		ABBF9C11255696920063CD07 /* Main.storyboard in Resources */ = {isa = PBXBuildFile; fileRef = ABBF9C0F255696920063CD07 /* Main.storyboard */; };
		ABBF9C13255696940063CD07 /* Assets.xcassets in Resources */ = {isa = PBXBuildFile; fileRef = ABBF9C12255696940063CD07 /* Assets.xcassets */; };
		ABBF9C16255696940063CD07 /* LaunchScreen.storyboard in Resources */ = {isa = PBXBuildFile; fileRef = ABBF9C14255696940063CD07 /* LaunchScreen.storyboard */; };
		ABBF9C1F25569B180063CD07 /* CustomTabBarVC.swift in Sources */ = {isa = PBXBuildFile; fileRef = ABBF9C1E25569B180063CD07 /* CustomTabBarVC.swift */; };
		ABBF9C2225569B910063CD07 /* HomeVC.swift in Sources */ = {isa = PBXBuildFile; fileRef = ABBF9C2125569B910063CD07 /* HomeVC.swift */; };
		ABBF9C2525569BB70063CD07 /* SearchVC.swift in Sources */ = {isa = PBXBuildFile; fileRef = ABBF9C2425569BB70063CD07 /* SearchVC.swift */; };
		ABBF9C2825569BEA0063CD07 /* MyPageVC.swift in Sources */ = {isa = PBXBuildFile; fileRef = ABBF9C2725569BEA0063CD07 /* MyPageVC.swift */; };
/* End PBXBuildFile section */

/* Begin PBXFileReference section */
		ABBF9C06255696920063CD07 /* 27th_iOS_seminar_week04_prac.app */ = {isa = PBXFileReference; explicitFileType = wrapper.application; includeInIndex = 0; path = 27th_iOS_seminar_week04_prac.app; sourceTree = BUILT_PRODUCTS_DIR; };
		ABBF9C09255696920063CD07 /* AppDelegate.swift */ = {isa = PBXFileReference; lastKnownFileType = sourcecode.swift; path = AppDelegate.swift; sourceTree = "<group>"; };
		ABBF9C0B255696920063CD07 /* SceneDelegate.swift */ = {isa = PBXFileReference; lastKnownFileType = sourcecode.swift; path = SceneDelegate.swift; sourceTree = "<group>"; };
		ABBF9C0D255696920063CD07 /* ViewController.swift */ = {isa = PBXFileReference; lastKnownFileType = sourcecode.swift; path = ViewController.swift; sourceTree = "<group>"; };
		ABBF9C10255696920063CD07 /* Base */ = {isa = PBXFileReference; lastKnownFileType = file.storyboard; name = Base; path = Base.lproj/Main.storyboard; sourceTree = "<group>"; };
		ABBF9C12255696940063CD07 /* Assets.xcassets */ = {isa = PBXFileReference; lastKnownFileType = folder.assetcatalog; path = Assets.xcassets; sourceTree = "<group>"; };
		ABBF9C15255696940063CD07 /* Base */ = {isa = PBXFileReference; lastKnownFileType = file.storyboard; name = Base; path = Base.lproj/LaunchScreen.storyboard; sourceTree = "<group>"; };
		ABBF9C17255696940063CD07 /* Info.plist */ = {isa = PBXFileReference; lastKnownFileType = text.plist.xml; path = Info.plist; sourceTree = "<group>"; };
		ABBF9C1E25569B180063CD07 /* CustomTabBarVC.swift */ = {isa = PBXFileReference; lastKnownFileType = sourcecode.swift; path = CustomTabBarVC.swift; sourceTree = "<group>"; };
		ABBF9C2125569B910063CD07 /* HomeVC.swift */ = {isa = PBXFileReference; lastKnownFileType = sourcecode.swift; path = HomeVC.swift; sourceTree = "<group>"; };
		ABBF9C2425569BB70063CD07 /* SearchVC.swift */ = {isa = PBXFileReference; lastKnownFileType = sourcecode.swift; path = SearchVC.swift; sourceTree = "<group>"; };
		ABBF9C2725569BEA0063CD07 /* MyPageVC.swift */ = {isa = PBXFileReference; lastKnownFileType = sourcecode.swift; path = MyPageVC.swift; sourceTree = "<group>"; };
/* End PBXFileReference section */

/* Begin PBXFrameworksBuildPhase section */
		ABBF9C03255696920063CD07 /* Frameworks */ = {
			isa = PBXFrameworksBuildPhase;
			buildActionMask = 2147483647;
			files = (
			);
			runOnlyForDeploymentPostprocessing = 0;
		};
/* End PBXFrameworksBuildPhase section */

/* Begin PBXGroup section */
		ABBF9BFD255696920063CD07 = {
			isa = PBXGroup;
			children = (
				ABBF9C08255696920063CD07 /* 27th_iOS_seminar_seminar_test */,
				ABBF9C07255696920063CD07 /* Products */,
			);
			sourceTree = "<group>";
		};
		ABBF9C07255696920063CD07 /* Products */ = {
			isa = PBXGroup;
			children = (
				ABBF9C06255696920063CD07 /* 27th_iOS_seminar_week04_prac.app */,
			);
			name = Products;
			sourceTree = "<group>";
		};
		ABBF9C08255696920063CD07 /* 27th_iOS_seminar_seminar_test */ = {
			isa = PBXGroup;
			children = (
				ABBF9C09255696920063CD07 /* AppDelegate.swift */,
				ABBF9C0B255696920063CD07 /* SceneDelegate.swift */,
				ABBF9C0D255696920063CD07 /* ViewController.swift */,
				ABBF9C0F255696920063CD07 /* Main.storyboard */,
				ABBF9C2725569BEA0063CD07 /* MyPageVC.swift */,
				ABBF9C2425569BB70063CD07 /* SearchVC.swift */,
				ABBF9C2125569B910063CD07 /* HomeVC.swift */,
				ABBF9C1E25569B180063CD07 /* CustomTabBarVC.swift */,
				ABBF9C12255696940063CD07 /* Assets.xcassets */,
				ABBF9C14255696940063CD07 /* LaunchScreen.storyboard */,
				ABBF9C17255696940063CD07 /* Info.plist */,
			);
			name = 27th_iOS_seminar_seminar_test;
			path = 27th_iOS_seminar_week04_prac;
			sourceTree = "<group>";
		};
/* End PBXGroup section */

/* Begin PBXNativeTarget section */
		ABBF9C05255696920063CD07 /* 27th_iOS_seminar_week04_prac */ = {
			isa = PBXNativeTarget;
			buildConfigurationList = ABBF9C1A255696940063CD07 /* Build configuration list for PBXNativeTarget "27th_iOS_seminar_week04_prac" */;
			buildPhases = (
				ABBF9C02255696920063CD07 /* Sources */,
				ABBF9C03255696920063CD07 /* Frameworks */,
				ABBF9C04255696920063CD07 /* Resources */,
			);
			buildRules = (
			);
			dependencies = (
			);
			name = 27th_iOS_seminar_week04_prac;
			productName = 27th_iOS_seminar_seminar_test;
			productReference = ABBF9C06255696920063CD07 /* 27th_iOS_seminar_week04_prac.app */;
			productType = "com.apple.product-type.application";
		};
/* End PBXNativeTarget section */

/* Begin PBXProject section */
		ABBF9BFE255696920063CD07 /* Project object */ = {
			isa = PBXProject;
			attributes = {
				LastSwiftUpdateCheck = 1210;
				LastUpgradeCheck = 1210;
				TargetAttributes = {
					ABBF9C05255696920063CD07 = {
						CreatedOnToolsVersion = 12.1;
					};
				};
			};
			buildConfigurationList = ABBF9C01255696920063CD07 /* Build configuration list for PBXProject "27th_iOS_seminar_week04_prac" */;
			compatibilityVersion = "Xcode 9.3";
			developmentRegion = en;
			hasScannedForEncodings = 0;
			knownRegions = (
				en,
				Base,
			);
			mainGroup = ABBF9BFD255696920063CD07;
			productRefGroup = ABBF9C07255696920063CD07 /* Products */;
			projectDirPath = "";
			projectRoot = "";
			targets = (
				ABBF9C05255696920063CD07 /* 27th_iOS_seminar_week04_prac */,
			);
		};
/* End PBXProject section */

/* Begin PBXResourcesBuildPhase section */
		ABBF9C04255696920063CD07 /* Resources */ = {
			isa = PBXResourcesBuildPhase;
			buildActionMask = 2147483647;
			files = (
				ABBF9C16255696940063CD07 /* LaunchScreen.storyboard in Resources */,
				ABBF9C13255696940063CD07 /* Assets.xcassets in Resources */,
				ABBF9C11255696920063CD07 /* Main.storyboard in Resources */,
			);
			runOnlyForDeploymentPostprocessing = 0;
		};
/* End PBXResourcesBuildPhase section */

/* Begin PBXSourcesBuildPhase section */
		ABBF9C02255696920063CD07 /* Sources */ = {
			isa = PBXSourcesBuildPhase;
			buildActionMask = 2147483647;
			files = (
				ABBF9C2525569BB70063CD07 /* SearchVC.swift in Sources */,
				ABBF9C0E255696920063CD07 /* ViewController.swift in Sources */,
				ABBF9C2225569B910063CD07 /* HomeVC.swift in Sources */,
				ABBF9C0A255696920063CD07 /* AppDelegate.swift in Sources */,
				ABBF9C2825569BEA0063CD07 /* MyPageVC.swift in Sources */,
				ABBF9C0C255696920063CD07 /* SceneDelegate.swift in Sources */,
				ABBF9C1F25569B180063CD07 /* CustomTabBarVC.swift in Sources */,
			);
			runOnlyForDeploymentPostprocessing = 0;
		};
/* End PBXSourcesBuildPhase section */

/* Begin PBXVariantGroup section */
		ABBF9C0F255696920063CD07 /* Main.storyboard */ = {
			isa = PBXVariantGroup;
			children = (
				ABBF9C10255696920063CD07 /* Base */,
			);
			name = Main.storyboard;
			sourceTree = "<group>";
		};
		ABBF9C14255696940063CD07 /* LaunchScreen.storyboard */ = {
			isa = PBXVariantGroup;
			children = (
				ABBF9C15255696940063CD07 /* Base */,
			);
			name = LaunchScreen.storyboard;
			sourceTree = "<group>";
		};
/* End PBXVariantGroup section */

/* Begin XCBuildConfiguration section */
		ABBF9C18255696940063CD07 /* Debug */ = {
			isa = XCBuildConfiguration;
			buildSettings = {
				ALWAYS_SEARCH_USER_PATHS = NO;
				CLANG_ANALYZER_NONNULL = YES;
				CLANG_ANALYZER_NUMBER_OBJECT_CONVERSION = YES_AGGRESSIVE;
				CLANG_CXX_LANGUAGE_STANDARD = "gnu++14";
				CLANG_CXX_LIBRARY = "libc++";
				CLANG_ENABLE_MODULES = YES;
				CLANG_ENABLE_OBJC_ARC = YES;
				CLANG_ENABLE_OBJC_WEAK = YES;
				CLANG_WARN_BLOCK_CAPTURE_AUTORELEASING = YES;
				CLANG_WARN_BOOL_CONVERSION = YES;
				CLANG_WARN_COMMA = YES;
				CLANG_WARN_CONSTANT_CONVERSION = YES;
				CLANG_WARN_DEPRECATED_OBJC_IMPLEMENTATIONS = YES;
				CLANG_WARN_DIRECT_OBJC_ISA_USAGE = YES_ERROR;
				CLANG_WARN_DOCUMENTATION_COMMENTS = YES;
				CLANG_WARN_EMPTY_BODY = YES;
				CLANG_WARN_ENUM_CONVERSION = YES;
				CLANG_WARN_INFINITE_RECURSION = YES;
				CLANG_WARN_INT_CONVERSION = YES;
				CLANG_WARN_NON_LITERAL_NULL_CONVERSION = YES;
				CLANG_WARN_OBJC_IMPLICIT_RETAIN_SELF = YES;
				CLANG_WARN_OBJC_LITERAL_CONVERSION = YES;
				CLANG_WARN_OBJC_ROOT_CLASS = YES_ERROR;
				CLANG_WARN_QUOTED_INCLUDE_IN_FRAMEWORK_HEADER = YES;
				CLANG_WARN_RANGE_LOOP_ANALYSIS = YES;
				CLANG_WARN_STRICT_PROTOTYPES = YES;
				CLANG_WARN_SUSPICIOUS_MOVE = YES;
				CLANG_WARN_UNGUARDED_AVAILABILITY = YES_AGGRESSIVE;
				CLANG_WARN_UNREACHABLE_CODE = YES;
				CLANG_WARN__DUPLICATE_METHOD_MATCH = YES;
				COPY_PHASE_STRIP = NO;
				DEBUG_INFORMATION_FORMAT = dwarf;
				ENABLE_STRICT_OBJC_MSGSEND = YES;
				ENABLE_TESTABILITY = YES;
				GCC_C_LANGUAGE_STANDARD = gnu11;
				GCC_DYNAMIC_NO_PIC = NO;
				GCC_NO_COMMON_BLOCKS = YES;
				GCC_OPTIMIZATION_LEVEL = 0;
				GCC_PREPROCESSOR_DEFINITIONS = (
					"DEBUG=1",
					"$(inherited)",
				);
				GCC_WARN_64_TO_32_BIT_CONVERSION = YES;
				GCC_WARN_ABOUT_RETURN_TYPE = YES_ERROR;
				GCC_WARN_UNDECLARED_SELECTOR = YES;
				GCC_WARN_UNINITIALIZED_AUTOS = YES_AGGRESSIVE;
				GCC_WARN_UNUSED_FUNCTION = YES;
				GCC_WARN_UNUSED_VARIABLE = YES;
				IPHONEOS_DEPLOYMENT_TARGET = 14.1;
				MTL_ENABLE_DEBUG_INFO = INCLUDE_SOURCE;
				MTL_FAST_MATH = YES;
				ONLY_ACTIVE_ARCH = YES;
				SDKROOT = iphoneos;
				SWIFT_ACTIVE_COMPILATION_CONDITIONS = DEBUG;
				SWIFT_OPTIMIZATION_LEVEL = "-Onone";
			};
			name = Debug;
		};
		ABBF9C19255696940063CD07 /* Release */ = {
			isa = XCBuildConfiguration;
			buildSettings = {
				ALWAYS_SEARCH_USER_PATHS = NO;
				CLANG_ANALYZER_NONNULL = YES;
				CLANG_ANALYZER_NUMBER_OBJECT_CONVERSION = YES_AGGRESSIVE;
				CLANG_CXX_LANGUAGE_STANDARD = "gnu++14";
				CLANG_CXX_LIBRARY = "libc++";
				CLANG_ENABLE_MODULES = YES;
				CLANG_ENABLE_OBJC_ARC = YES;
				CLANG_ENABLE_OBJC_WEAK = YES;
				CLANG_WARN_BLOCK_CAPTURE_AUTORELEASING = YES;
				CLANG_WARN_BOOL_CONVERSION = YES;
				CLANG_WARN_COMMA = YES;
				CLANG_WARN_CONSTANT_CONVERSION = YES;
				CLANG_WARN_DEPRECATED_OBJC_IMPLEMENTATIONS = YES;
				CLANG_WARN_DIRECT_OBJC_ISA_USAGE = YES_ERROR;
				CLANG_WARN_DOCUMENTATION_COMMENTS = YES;
				CLANG_WARN_EMPTY_BODY = YES;
				CLANG_WARN_ENUM_CONVERSION = YES;
				CLANG_WARN_INFINITE_RECURSION = YES;
				CLANG_WARN_INT_CONVERSION = YES;
				CLANG_WARN_NON_LITERAL_NULL_CONVERSION = YES;
				CLANG_WARN_OBJC_IMPLICIT_RETAIN_SELF = YES;
				CLANG_WARN_OBJC_LITERAL_CONVERSION = YES;
				CLANG_WARN_OBJC_ROOT_CLASS = YES_ERROR;
				CLANG_WARN_QUOTED_INCLUDE_IN_FRAMEWORK_HEADER = YES;
				CLANG_WARN_RANGE_LOOP_ANALYSIS = YES;
				CLANG_WARN_STRICT_PROTOTYPES = YES;
				CLANG_WARN_SUSPICIOUS_MOVE = YES;
				CLANG_WARN_UNGUARDED_AVAILABILITY = YES_AGGRESSIVE;
				CLANG_WARN_UNREACHABLE_CODE = YES;
				CLANG_WARN__DUPLICATE_METHOD_MATCH = YES;
				COPY_PHASE_STRIP = NO;
				DEBUG_INFORMATION_FORMAT = "dwarf-with-dsym";
				ENABLE_NS_ASSERTIONS = NO;
				ENABLE_STRICT_OBJC_MSGSEND = YES;
				GCC_C_LANGUAGE_STANDARD = gnu11;
				GCC_NO_COMMON_BLOCKS = YES;
				GCC_WARN_64_TO_32_BIT_CONVERSION = YES;
				GCC_WARN_ABOUT_RETURN_TYPE = YES_ERROR;
				GCC_WARN_UNDECLARED_SELECTOR = YES;
				GCC_WARN_UNINITIALIZED_AUTOS = YES_AGGRESSIVE;
				GCC_WARN_UNUSED_FUNCTION = YES;
				GCC_WARN_UNUSED_VARIABLE = YES;
				IPHONEOS_DEPLOYMENT_TARGET = 14.1;
				MTL_ENABLE_DEBUG_INFO = NO;
				MTL_FAST_MATH = YES;
				SDKROOT = iphoneos;
				SWIFT_COMPILATION_MODE = wholemodule;
				SWIFT_OPTIMIZATION_LEVEL = "-O";
				VALIDATE_PRODUCT = YES;
			};
			name = Release;
		};
		ABBF9C1B255696940063CD07 /* Debug */ = {
			isa = XCBuildConfiguration;
			buildSettings = {
				ASSETCATALOG_COMPILER_APPICON_NAME = AppIcon;
				ASSETCATALOG_COMPILER_GLOBAL_ACCENT_COLOR_NAME = AccentColor;
				CODE_SIGN_STYLE = Automatic;
				INFOPLIST_FILE = 27th_iOS_seminar_week04_prac/Info.plist;
				LD_RUNPATH_SEARCH_PATHS = (
					"$(inherited)",
					"@executable_path/Frameworks",
				);
				PRODUCT_BUNDLE_IDENTIFIER = "inaelee.-7th-iOS-seminar-week04-prac";
				PRODUCT_NAME = "$(TARGET_NAME)";
				SWIFT_VERSION = 5.0;
				TARGETED_DEVICE_FAMILY = "1,2";
			};
			name = Debug;
		};
		ABBF9C1C255696940063CD07 /* Release */ = {
			isa = XCBuildConfiguration;
			buildSettings = {
				ASSETCATALOG_COMPILER_APPICON_NAME = AppIcon;
				ASSETCATALOG_COMPILER_GLOBAL_ACCENT_COLOR_NAME = AccentColor;
				CODE_SIGN_STYLE = Automatic;
				INFOPLIST_FILE = 27th_iOS_seminar_week04_prac/Info.plist;
				LD_RUNPATH_SEARCH_PATHS = (
					"$(inherited)",
					"@executable_path/Frameworks",
				);
				PRODUCT_BUNDLE_IDENTIFIER = "inaelee.-7th-iOS-seminar-week04-prac";
				PRODUCT_NAME = "$(TARGET_NAME)";
				SWIFT_VERSION = 5.0;
				TARGETED_DEVICE_FAMILY = "1,2";
			};
			name = Release;
		};
/* End XCBuildConfiguration section */

/* Begin XCConfigurationList section */
		ABBF9C01255696920063CD07 /* Build configuration list for PBXProject "27th_iOS_seminar_week04_prac" */ = {
			isa = XCConfigurationList;
			buildConfigurations = (
				ABBF9C18255696940063CD07 /* Debug */,
				ABBF9C19255696940063CD07 /* Release */,
			);
			defaultConfigurationIsVisible = 0;
			defaultConfigurationName = Release;
		};
		ABBF9C1A255696940063CD07 /* Build configuration list for PBXNativeTarget "27th_iOS_seminar_week04_prac" */ = {
			isa = XCConfigurationList;
			buildConfigurations = (
				ABBF9C1B255696940063CD07 /* Debug */,
				ABBF9C1C255696940063CD07 /* Release */,
			);
			defaultConfigurationIsVisible = 0;
			defaultConfigurationName = Release;
		};
/* End XCConfigurationList section */
	};
	rootObject = ABBF9BFE255696920063CD07 /* Project object */;
}
