// !$*UTF8*$!
{
	archiveVersion = 1;
	classes = {
	};
	objectVersion = 50;
	objects = {

/* Begin PBXBuildFile section */
		AB471686254D29380086102C /* AppDelegate.swift in Sources */ = {isa = PBXBuildFile; fileRef = AB471685254D29380086102C /* AppDelegate.swift */; };
		AB471688254D29380086102C /* SceneDelegate.swift in Sources */ = {isa = PBXBuildFile; fileRef = AB471687254D29380086102C /* SceneDelegate.swift */; };
		AB47168A254D29380086102C /* ViewController.swift in Sources */ = {isa = PBXBuildFile; fileRef = AB471689254D29380086102C /* ViewController.swift */; };
		AB47168D254D29380086102C /* Main.storyboard in Resources */ = {isa = PBXBuildFile; fileRef = AB47168B254D29380086102C /* Main.storyboard */; };
		AB47168F254D29390086102C /* Assets.xcassets in Resources */ = {isa = PBXBuildFile; fileRef = AB47168E254D29390086102C /* Assets.xcassets */; };
		AB471692254D29390086102C /* LaunchScreen.storyboard in Resources */ = {isa = PBXBuildFile; fileRef = AB471690254D29390086102C /* LaunchScreen.storyboard */; };
		AB47169B254D349F0086102C /* PickerViewTest.storyboard in Resources */ = {isa = PBXBuildFile; fileRef = AB47169A254D349F0086102C /* PickerViewTest.storyboard */; };
		AB4716A3254D35A00086102C /* PickerViewTestVC.swift in Sources */ = {isa = PBXBuildFile; fileRef = AB4716A2254D35A00086102C /* PickerViewTestVC.swift */; };
		AB4716A6254D3A3E0086102C /* Part.swift in Sources */ = {isa = PBXBuildFile; fileRef = AB4716A5254D3A3E0086102C /* Part.swift */; };
		AB4716A9254D46370086102C /* TableViewTest.storyboard in Resources */ = {isa = PBXBuildFile; fileRef = AB4716A8254D46370086102C /* TableViewTest.storyboard */; };
		AB4716AC254D46670086102C /* TableViewTestVC.swift in Sources */ = {isa = PBXBuildFile; fileRef = AB4716AB254D46670086102C /* TableViewTestVC.swift */; };
		AB4716AF254D4B720086102C /* MusicRankCell.swift in Sources */ = {isa = PBXBuildFile; fileRef = AB4716AE254D4B720086102C /* MusicRankCell.swift */; };
		AB4716B2254D4D320086102C /* Music.swift in Sources */ = {isa = PBXBuildFile; fileRef = AB4716B1254D4D320086102C /* Music.swift */; };
		AB4716B6254D519F0086102C /* MusicInfo.storyboard in Resources */ = {isa = PBXBuildFile; fileRef = AB4716B5254D519F0086102C /* MusicInfo.storyboard */; };
		AB4716BD254D51E60086102C /* MusicInfoVC.swift in Sources */ = {isa = PBXBuildFile; fileRef = AB4716BC254D51E60086102C /* MusicInfoVC.swift */; };
		AB4716C0254D56470086102C /* CollectionViewTest.storyboard in Resources */ = {isa = PBXBuildFile; fileRef = AB4716BF254D56470086102C /* CollectionViewTest.storyboard */; };
		AB4716C3254D56670086102C /* CollectionViewTestVC.swift in Sources */ = {isa = PBXBuildFile; fileRef = AB4716C2254D56670086102C /* CollectionViewTestVC.swift */; };
		AB4716C6254D58D20086102C /* PartBannerCell.swift in Sources */ = {isa = PBXBuildFile; fileRef = AB4716C5254D58D20086102C /* PartBannerCell.swift */; };
/* End PBXBuildFile section */

/* Begin PBXFileReference section */
		AB471682254D29380086102C /* 27th_iOS_seminar_week03.app */ = {isa = PBXFileReference; explicitFileType = wrapper.application; includeInIndex = 0; path = 27th_iOS_seminar_week03.app; sourceTree = BUILT_PRODUCTS_DIR; };
		AB471685254D29380086102C /* AppDelegate.swift */ = {isa = PBXFileReference; lastKnownFileType = sourcecode.swift; path = AppDelegate.swift; sourceTree = "<group>"; };
		AB471687254D29380086102C /* SceneDelegate.swift */ = {isa = PBXFileReference; lastKnownFileType = sourcecode.swift; path = SceneDelegate.swift; sourceTree = "<group>"; };
		AB471689254D29380086102C /* ViewController.swift */ = {isa = PBXFileReference; lastKnownFileType = sourcecode.swift; path = ViewController.swift; sourceTree = "<group>"; };
		AB47168C254D29380086102C /* Base */ = {isa = PBXFileReference; lastKnownFileType = file.storyboard; name = Base; path = Base.lproj/Main.storyboard; sourceTree = "<group>"; };
		AB47168E254D29390086102C /* Assets.xcassets */ = {isa = PBXFileReference; lastKnownFileType = folder.assetcatalog; path = Assets.xcassets; sourceTree = "<group>"; };
		AB471691254D29390086102C /* Base */ = {isa = PBXFileReference; lastKnownFileType = file.storyboard; name = Base; path = Base.lproj/LaunchScreen.storyboard; sourceTree = "<group>"; };
		AB471693254D29390086102C /* Info.plist */ = {isa = PBXFileReference; lastKnownFileType = text.plist.xml; path = Info.plist; sourceTree = "<group>"; };
		AB47169A254D349F0086102C /* PickerViewTest.storyboard */ = {isa = PBXFileReference; lastKnownFileType = file.storyboard; path = PickerViewTest.storyboard; sourceTree = "<group>"; };
		AB4716A2254D35A00086102C /* PickerViewTestVC.swift */ = {isa = PBXFileReference; lastKnownFileType = sourcecode.swift; path = PickerViewTestVC.swift; sourceTree = "<group>"; };
		AB4716A5254D3A3E0086102C /* Part.swift */ = {isa = PBXFileReference; lastKnownFileType = sourcecode.swift; path = Part.swift; sourceTree = "<group>"; };
		AB4716A8254D46370086102C /* TableViewTest.storyboard */ = {isa = PBXFileReference; lastKnownFileType = file.storyboard; path = TableViewTest.storyboard; sourceTree = "<group>"; };
		AB4716AB254D46670086102C /* TableViewTestVC.swift */ = {isa = PBXFileReference; lastKnownFileType = sourcecode.swift; path = TableViewTestVC.swift; sourceTree = "<group>"; };
		AB4716AE254D4B720086102C /* MusicRankCell.swift */ = {isa = PBXFileReference; lastKnownFileType = sourcecode.swift; path = MusicRankCell.swift; sourceTree = "<group>"; };
		AB4716B1254D4D320086102C /* Music.swift */ = {isa = PBXFileReference; lastKnownFileType = sourcecode.swift; path = Music.swift; sourceTree = "<group>"; };
		AB4716B5254D519F0086102C /* MusicInfo.storyboard */ = {isa = PBXFileReference; lastKnownFileType = file.storyboard; path = MusicInfo.storyboard; sourceTree = "<group>"; };
		AB4716BC254D51E60086102C /* MusicInfoVC.swift */ = {isa = PBXFileReference; lastKnownFileType = sourcecode.swift; path = MusicInfoVC.swift; sourceTree = "<group>"; };
		AB4716BF254D56470086102C /* CollectionViewTest.storyboard */ = {isa = PBXFileReference; lastKnownFileType = file.storyboard; path = CollectionViewTest.storyboard; sourceTree = "<group>"; };
		AB4716C2254D56670086102C /* CollectionViewTestVC.swift */ = {isa = PBXFileReference; lastKnownFileType = sourcecode.swift; path = CollectionViewTestVC.swift; sourceTree = "<group>"; };
		AB4716C5254D58D20086102C /* PartBannerCell.swift */ = {isa = PBXFileReference; lastKnownFileType = sourcecode.swift; path = PartBannerCell.swift; sourceTree = "<group>"; };
/* End PBXFileReference section */

/* Begin PBXFrameworksBuildPhase section */
		AB47167F254D29380086102C /* Frameworks */ = {
			isa = PBXFrameworksBuildPhase;
			buildActionMask = 2147483647;
			files = (
			);
			runOnlyForDeploymentPostprocessing = 0;
		};
/* End PBXFrameworksBuildPhase section */

/* Begin PBXGroup section */
		AB471679254D29380086102C = {
			isa = PBXGroup;
			children = (
				AB471684254D29380086102C /* 27th_iOS_seminar_week03 */,
				AB471683254D29380086102C /* Products */,
			);
			sourceTree = "<group>";
		};
		AB471683254D29380086102C /* Products */ = {
			isa = PBXGroup;
			children = (
				AB471682254D29380086102C /* 27th_iOS_seminar_week03.app */,
			);
			name = Products;
			sourceTree = "<group>";
		};
		AB471684254D29380086102C /* 27th_iOS_seminar_week03 */ = {
			isa = PBXGroup;
			children = (
				AB4716AE254D4B720086102C /* MusicRankCell.swift */,
				AB4716B1254D4D320086102C /* Music.swift */,
				AB471685254D29380086102C /* AppDelegate.swift */,
				AB471687254D29380086102C /* SceneDelegate.swift */,
				AB471689254D29380086102C /* ViewController.swift */,
				AB47168B254D29380086102C /* Main.storyboard */,
				AB47169A254D349F0086102C /* PickerViewTest.storyboard */,
				AB4716A2254D35A00086102C /* PickerViewTestVC.swift */,
				AB4716A8254D46370086102C /* TableViewTest.storyboard */,
				AB4716AB254D46670086102C /* TableViewTestVC.swift */,
				AB47168E254D29390086102C /* Assets.xcassets */,
				AB471690254D29390086102C /* LaunchScreen.storyboard */,
				AB471693254D29390086102C /* Info.plist */,
				AB4716B5254D519F0086102C /* MusicInfo.storyboard */,
				AB4716BC254D51E60086102C /* MusicInfoVC.swift */,
				AB4716BF254D56470086102C /* CollectionViewTest.storyboard */,
				AB4716C2254D56670086102C /* CollectionViewTestVC.swift */,
				AB4716C5254D58D20086102C /* PartBannerCell.swift */,
				AB4716A5254D3A3E0086102C /* Part.swift */,
			);
			path = 27th_iOS_seminar_week03;
			sourceTree = "<group>";
		};
/* End PBXGroup section */

/* Begin PBXNativeTarget section */
		AB471681254D29380086102C /* 27th_iOS_seminar_week03 */ = {
			isa = PBXNativeTarget;
			buildConfigurationList = AB471696254D29390086102C /* Build configuration list for PBXNativeTarget "27th_iOS_seminar_week03" */;
			buildPhases = (
				AB47167E254D29380086102C /* Sources */,
				AB47167F254D29380086102C /* Frameworks */,
				AB471680254D29380086102C /* Resources */,
			);
			buildRules = (
			);
			dependencies = (
			);
			name = 27th_iOS_seminar_week03;
			productName = 27th_iOS_seminar_week03;
			productReference = AB471682254D29380086102C /* 27th_iOS_seminar_week03.app */;
			productType = "com.apple.product-type.application";
		};
/* End PBXNativeTarget section */

/* Begin PBXProject section */
		AB47167A254D29380086102C /* Project object */ = {
			isa = PBXProject;
			attributes = {
				LastSwiftUpdateCheck = 1210;
				LastUpgradeCheck = 1210;
				TargetAttributes = {
					AB471681254D29380086102C = {
						CreatedOnToolsVersion = 12.1;
					};
				};
			};
			buildConfigurationList = AB47167D254D29380086102C /* Build configuration list for PBXProject "27th_iOS_seminar_week03" */;
			compatibilityVersion = "Xcode 9.3";
			developmentRegion = en;
			hasScannedForEncodings = 0;
			knownRegions = (
				en,
				Base,
			);
			mainGroup = AB471679254D29380086102C;
			productRefGroup = AB471683254D29380086102C /* Products */;
			projectDirPath = "";
			projectRoot = "";
			targets = (
				AB471681254D29380086102C /* 27th_iOS_seminar_week03 */,
			);
		};
/* End PBXProject section */

/* Begin PBXResourcesBuildPhase section */
		AB471680254D29380086102C /* Resources */ = {
			isa = PBXResourcesBuildPhase;
			buildActionMask = 2147483647;
			files = (
				AB4716B6254D519F0086102C /* MusicInfo.storyboard in Resources */,
				AB4716A9254D46370086102C /* TableViewTest.storyboard in Resources */,
				AB4716C0254D56470086102C /* CollectionViewTest.storyboard in Resources */,
				AB471692254D29390086102C /* LaunchScreen.storyboard in Resources */,
				AB47169B254D349F0086102C /* PickerViewTest.storyboard in Resources */,
				AB47168F254D29390086102C /* Assets.xcassets in Resources */,
				AB47168D254D29380086102C /* Main.storyboard in Resources */,
			);
			runOnlyForDeploymentPostprocessing = 0;
		};
/* End PBXResourcesBuildPhase section */

/* Begin PBXSourcesBuildPhase section */
		AB47167E254D29380086102C /* Sources */ = {
			isa = PBXSourcesBuildPhase;
			buildActionMask = 2147483647;
			files = (
				AB4716BD254D51E60086102C /* MusicInfoVC.swift in Sources */,
				AB4716AF254D4B720086102C /* MusicRankCell.swift in Sources */,
				AB47168A254D29380086102C /* ViewController.swift in Sources */,
				AB471686254D29380086102C /* AppDelegate.swift in Sources */,
				AB4716C6254D58D20086102C /* PartBannerCell.swift in Sources */,
				AB4716AC254D46670086102C /* TableViewTestVC.swift in Sources */,
				AB4716C3254D56670086102C /* CollectionViewTestVC.swift in Sources */,
				AB471688254D29380086102C /* SceneDelegate.swift in Sources */,
				AB4716A6254D3A3E0086102C /* Part.swift in Sources */,
				AB4716A3254D35A00086102C /* PickerViewTestVC.swift in Sources */,
				AB4716B2254D4D320086102C /* Music.swift in Sources */,
			);
			runOnlyForDeploymentPostprocessing = 0;
		};
/* End PBXSourcesBuildPhase section */

/* Begin PBXVariantGroup section */
		AB47168B254D29380086102C /* Main.storyboard */ = {
			isa = PBXVariantGroup;
			children = (
				AB47168C254D29380086102C /* Base */,
			);
			name = Main.storyboard;
			sourceTree = "<group>";
		};
		AB471690254D29390086102C /* LaunchScreen.storyboard */ = {
			isa = PBXVariantGroup;
			children = (
				AB471691254D29390086102C /* Base */,
			);
			name = LaunchScreen.storyboard;
			sourceTree = "<group>";
		};
/* End PBXVariantGroup section */

/* Begin XCBuildConfiguration section */
		AB471694254D29390086102C /* Debug */ = {
			isa = XCBuildConfiguration;
			buildSettings = {
				ALWAYS_SEARCH_USER_PATHS = NO;
				CLANG_ANALYZER_NONNULL = YES;
				CLANG_ANALYZER_NUMBER_OBJECT_CONVERSION = YES_AGGRESSIVE;
				CLANG_CXX_LANGUAGE_STANDARD = "gnu++14";
				CLANG_CXX_LIBRARY = "libc++";
				CLANG_ENABLE_MODULES = YES;
				CLANG_ENABLE_OBJC_ARC = YES;
				CLANG_ENABLE_OBJC_WEAK = YES;
				CLANG_WARN_BLOCK_CAPTURE_AUTORELEASING = YES;
				CLANG_WARN_BOOL_CONVERSION = YES;
				CLANG_WARN_COMMA = YES;
				CLANG_WARN_CONSTANT_CONVERSION = YES;
				CLANG_WARN_DEPRECATED_OBJC_IMPLEMENTATIONS = YES;
				CLANG_WARN_DIRECT_OBJC_ISA_USAGE = YES_ERROR;
				CLANG_WARN_DOCUMENTATION_COMMENTS = YES;
				CLANG_WARN_EMPTY_BODY = YES;
				CLANG_WARN_ENUM_CONVERSION = YES;
				CLANG_WARN_INFINITE_RECURSION = YES;
				CLANG_WARN_INT_CONVERSION = YES;
				CLANG_WARN_NON_LITERAL_NULL_CONVERSION = YES;
				CLANG_WARN_OBJC_IMPLICIT_RETAIN_SELF = YES;
				CLANG_WARN_OBJC_LITERAL_CONVERSION = YES;
				CLANG_WARN_OBJC_ROOT_CLASS = YES_ERROR;
				CLANG_WARN_QUOTED_INCLUDE_IN_FRAMEWORK_HEADER = YES;
				CLANG_WARN_RANGE_LOOP_ANALYSIS = YES;
				CLANG_WARN_STRICT_PROTOTYPES = YES;
				CLANG_WARN_SUSPICIOUS_MOVE = YES;
				CLANG_WARN_UNGUARDED_AVAILABILITY = YES_AGGRESSIVE;
				CLANG_WARN_UNREACHABLE_CODE = YES;
				CLANG_WARN__DUPLICATE_METHOD_MATCH = YES;
				COPY_PHASE_STRIP = NO;
				DEBUG_INFORMATION_FORMAT = dwarf;
				ENABLE_STRICT_OBJC_MSGSEND = YES;
				ENABLE_TESTABILITY = YES;
				GCC_C_LANGUAGE_STANDARD = gnu11;
				GCC_DYNAMIC_NO_PIC = NO;
				GCC_NO_COMMON_BLOCKS = YES;
				GCC_OPTIMIZATION_LEVEL = 0;
				GCC_PREPROCESSOR_DEFINITIONS = (
					"DEBUG=1",
					"$(inherited)",
				);
				GCC_WARN_64_TO_32_BIT_CONVERSION = YES;
				GCC_WARN_ABOUT_RETURN_TYPE = YES_ERROR;
				GCC_WARN_UNDECLARED_SELECTOR = YES;
				GCC_WARN_UNINITIALIZED_AUTOS = YES_AGGRESSIVE;
				GCC_WARN_UNUSED_FUNCTION = YES;
				GCC_WARN_UNUSED_VARIABLE = YES;
				IPHONEOS_DEPLOYMENT_TARGET = 14.1;
				MTL_ENABLE_DEBUG_INFO = INCLUDE_SOURCE;
				MTL_FAST_MATH = YES;
				ONLY_ACTIVE_ARCH = YES;
				SDKROOT = iphoneos;
				SWIFT_ACTIVE_COMPILATION_CONDITIONS = DEBUG;
				SWIFT_OPTIMIZATION_LEVEL = "-Onone";
			};
			name = Debug;
		};
		AB471695254D29390086102C /* Release */ = {
			isa = XCBuildConfiguration;
			buildSettings = {
				ALWAYS_SEARCH_USER_PATHS = NO;
				CLANG_ANALYZER_NONNULL = YES;
				CLANG_ANALYZER_NUMBER_OBJECT_CONVERSION = YES_AGGRESSIVE;
				CLANG_CXX_LANGUAGE_STANDARD = "gnu++14";
				CLANG_CXX_LIBRARY = "libc++";
				CLANG_ENABLE_MODULES = YES;
				CLANG_ENABLE_OBJC_ARC = YES;
				CLANG_ENABLE_OBJC_WEAK = YES;
				CLANG_WARN_BLOCK_CAPTURE_AUTORELEASING = YES;
				CLANG_WARN_BOOL_CONVERSION = YES;
				CLANG_WARN_COMMA = YES;
				CLANG_WARN_CONSTANT_CONVERSION = YES;
				CLANG_WARN_DEPRECATED_OBJC_IMPLEMENTATIONS = YES;
				CLANG_WARN_DIRECT_OBJC_ISA_USAGE = YES_ERROR;
				CLANG_WARN_DOCUMENTATION_COMMENTS = YES;
				CLANG_WARN_EMPTY_BODY = YES;
				CLANG_WARN_ENUM_CONVERSION = YES;
				CLANG_WARN_INFINITE_RECURSION = YES;
				CLANG_WARN_INT_CONVERSION = YES;
				CLANG_WARN_NON_LITERAL_NULL_CONVERSION = YES;
				CLANG_WARN_OBJC_IMPLICIT_RETAIN_SELF = YES;
				CLANG_WARN_OBJC_LITERAL_CONVERSION = YES;
				CLANG_WARN_OBJC_ROOT_CLASS = YES_ERROR;
				CLANG_WARN_QUOTED_INCLUDE_IN_FRAMEWORK_HEADER = YES;
				CLANG_WARN_RANGE_LOOP_ANALYSIS = YES;
				CLANG_WARN_STRICT_PROTOTYPES = YES;
				CLANG_WARN_SUSPICIOUS_MOVE = YES;
				CLANG_WARN_UNGUARDED_AVAILABILITY = YES_AGGRESSIVE;
				CLANG_WARN_UNREACHABLE_CODE = YES;
				CLANG_WARN__DUPLICATE_METHOD_MATCH = YES;
				COPY_PHASE_STRIP = NO;
				DEBUG_INFORMATION_FORMAT = "dwarf-with-dsym";
				ENABLE_NS_ASSERTIONS = NO;
				ENABLE_STRICT_OBJC_MSGSEND = YES;
				GCC_C_LANGUAGE_STANDARD = gnu11;
				GCC_NO_COMMON_BLOCKS = YES;
				GCC_WARN_64_TO_32_BIT_CONVERSION = YES;
				GCC_WARN_ABOUT_RETURN_TYPE = YES_ERROR;
				GCC_WARN_UNDECLARED_SELECTOR = YES;
				GCC_WARN_UNINITIALIZED_AUTOS = YES_AGGRESSIVE;
				GCC_WARN_UNUSED_FUNCTION = YES;
				GCC_WARN_UNUSED_VARIABLE = YES;
				IPHONEOS_DEPLOYMENT_TARGET = 14.1;
				MTL_ENABLE_DEBUG_INFO = NO;
				MTL_FAST_MATH = YES;
				SDKROOT = iphoneos;
				SWIFT_COMPILATION_MODE = wholemodule;
				SWIFT_OPTIMIZATION_LEVEL = "-O";
				VALIDATE_PRODUCT = YES;
			};
			name = Release;
		};
		AB471697254D29390086102C /* Debug */ = {
			isa = XCBuildConfiguration;
			buildSettings = {
				ASSETCATALOG_COMPILER_APPICON_NAME = AppIcon;
				ASSETCATALOG_COMPILER_GLOBAL_ACCENT_COLOR_NAME = AccentColor;
				CODE_SIGN_STYLE = Automatic;
				INFOPLIST_FILE = 27th_iOS_seminar_week03/Info.plist;
				LD_RUNPATH_SEARCH_PATHS = (
					"$(inherited)",
					"@executable_path/Frameworks",
				);
				PRODUCT_BUNDLE_IDENTIFIER = "inaelee.-7th-iOS-seminar-week03";
				PRODUCT_NAME = "$(TARGET_NAME)";
				SWIFT_VERSION = 5.0;
				TARGETED_DEVICE_FAMILY = "1,2";
			};
			name = Debug;
		};
		AB471698254D29390086102C /* Release */ = {
			isa = XCBuildConfiguration;
			buildSettings = {
				ASSETCATALOG_COMPILER_APPICON_NAME = AppIcon;
				ASSETCATALOG_COMPILER_GLOBAL_ACCENT_COLOR_NAME = AccentColor;
				CODE_SIGN_STYLE = Automatic;
				INFOPLIST_FILE = 27th_iOS_seminar_week03/Info.plist;
				LD_RUNPATH_SEARCH_PATHS = (
					"$(inherited)",
					"@executable_path/Frameworks",
				);
				PRODUCT_BUNDLE_IDENTIFIER = "inaelee.-7th-iOS-seminar-week03";
				PRODUCT_NAME = "$(TARGET_NAME)";
				SWIFT_VERSION = 5.0;
				TARGETED_DEVICE_FAMILY = "1,2";
			};
			name = Release;
		};
/* End XCBuildConfiguration section */

/* Begin XCConfigurationList section */
		AB47167D254D29380086102C /* Build configuration list for PBXProject "27th_iOS_seminar_week03" */ = {
			isa = XCConfigurationList;
			buildConfigurations = (
				AB471694254D29390086102C /* Debug */,
				AB471695254D29390086102C /* Release */,
			);
			defaultConfigurationIsVisible = 0;
			defaultConfigurationName = Release;
		};
		AB471696254D29390086102C /* Build configuration list for PBXNativeTarget "27th_iOS_seminar_week03" */ = {
			isa = XCConfigurationList;
			buildConfigurations = (
				AB471697254D29390086102C /* Debug */,
				AB471698254D29390086102C /* Release */,
			);
			defaultConfigurationIsVisible = 0;
			defaultConfigurationName = Release;
		};
/* End XCConfigurationList section */
	};
	rootObject = AB47167A254D29380086102C /* Project object */;
}
